
Microsoft Visual Studio Solution File, Format Version 12.00
# Visual Studio Version 17
VisualStudioVersion = 17.4.33403.182
MinimumVisualStudioVersion = 10.0.40219.1
Project("{FAE04EC0-301F-11D3-BF4B-00C04F79EFBC}") = "Mid-Example", "Mid-Example\Mid-Example.csproj", "{AD13576B-39AA-4C01-B962-AF9E8C52F1BF}"
EndProject
Global
	GlobalSection(SolutionConfigurationPlatforms) = preSolution
		Debug|Any CPU = Debug|Any CPU
		Release|Any CPU = Release|Any CPU
	EndGlobalSection
	GlobalSection(ProjectConfigurationPlatforms) = postSolution
		{AD13576B-39AA-4C01-B962-AF9E8C52F1BF}.Debug|Any CPU.ActiveCfg = Debug|Any CPU
		{AD13576B-39AA-4C01-B962-AF9E8C52F1BF}.Debug|Any CPU.Build.0 = Debug|Any CPU
		{AD13576B-39AA-4C01-B962-AF9E8C52F1BF}.Release|Any CPU.ActiveCfg = Release|Any CPU
		{AD13576B-39AA-4C01-B962-AF9E8C52F1BF}.Release|Any CPU.Build.0 = Release|Any CPU
	EndGlobalSection
	GlobalSection(SolutionProperties) = preSolution
		HideSolutionNode = FALSE
	EndGlobalSection
	GlobalSection(ExtensibilityGlobals) = postSolution
		SolutionGuid = {473C599F-4259-4FF2-B6C8-B499A238D06E}
	EndGlobalSection
EndGlobal
